
Microsoft Visual Studio Solution File, Format Version 12.00
# Visual Studio Version 17
VisualStudioVersion = 17.2.32516.85
MinimumVisualStudioVersion = 10.0.40219.1
Project("{FAE04EC0-301F-11D3-BF4B-00C04F79EFBC}") = "XamarinContacts.Android", "XamarinContacts\XamarinContacts.Android\XamarinContacts.Android.csproj", "{95505C0F-115D-46C0-96BE-9ADA00289CA8}"
EndProject
Project("{FAE04EC0-301F-11D3-BF4B-00C04F79EFBC}") = "XamarinContacts", "XamarinContacts\XamarinContacts\XamarinContacts.csproj", "{BA749F9F-8941-4CA4-8ECC-B0712B6769E1}"
EndProject
Global
	GlobalSection(SolutionConfigurationPlatforms) = preSolution
		Debug|Any CPU = Debug|Any CPU
		Release|Any CPU = Release|Any CPU
	EndGlobalSection
	GlobalSection(ProjectConfigurationPlatforms) = postSolution
		{95505C0F-115D-46C0-96BE-9ADA00289CA8}.Debug|Any CPU.ActiveCfg = Debug|Any CPU
		{95505C0F-115D-46C0-96BE-9ADA00289CA8}.Debug|Any CPU.Build.0 = Debug|Any CPU
		{95505C0F-115D-46C0-96BE-9ADA00289CA8}.Debug|Any CPU.Deploy.0 = Debug|Any CPU
		{95505C0F-115D-46C0-96BE-9ADA00289CA8}.Release|Any CPU.ActiveCfg = Release|Any CPU
		{95505C0F-115D-46C0-96BE-9ADA00289CA8}.Release|Any CPU.Build.0 = Release|Any CPU
		{95505C0F-115D-46C0-96BE-9ADA00289CA8}.Release|Any CPU.Deploy.0 = Release|Any CPU
		{BA749F9F-8941-4CA4-8ECC-B0712B6769E1}.Debug|Any CPU.ActiveCfg = Debug|Any CPU
		{BA749F9F-8941-4CA4-8ECC-B0712B6769E1}.Debug|Any CPU.Build.0 = Debug|Any CPU
		{BA749F9F-8941-4CA4-8ECC-B0712B6769E1}.Debug|Any CPU.Deploy.0 = Debug|Any CPU
		{BA749F9F-8941-4CA4-8ECC-B0712B6769E1}.Release|Any CPU.ActiveCfg = Release|Any CPU
		{BA749F9F-8941-4CA4-8ECC-B0712B6769E1}.Release|Any CPU.Build.0 = Release|Any CPU
		{BA749F9F-8941-4CA4-8ECC-B0712B6769E1}.Release|Any CPU.Deploy.0 = Release|Any CPU
	EndGlobalSection
	GlobalSection(SolutionProperties) = preSolution
		HideSolutionNode = FALSE
	EndGlobalSection
	GlobalSection(ExtensibilityGlobals) = postSolution
		SolutionGuid = {847C4689-8DA2-4DA8-84D2-0724685AC611}
	EndGlobalSection
EndGlobal
